// !$*UTF8*$!
{
	archiveVersion = 1;
	classes = {
	};
	objectVersion = 56;
	objects = {

/* Begin PBXBuildFile section */
		A84B0CBA2B4474AE00D92BAD /* InstructionsLabel.swift in Sources */ = {isa = PBXBuildFile; fileRef = A84B0CB92B4474AE00D92BAD /* InstructionsLabel.swift */; };
		A84D11592B45ACDC00C62AAF /* Coordinator.swift in Sources */ = {isa = PBXBuildFile; fileRef = A84D11582B45ACDC00C62AAF /* Coordinator.swift */; };
		A84D115B2B45ACEC00C62AAF /* Router.swift in Sources */ = {isa = PBXBuildFile; fileRef = A84D115A2B45ACEC00C62AAF /* Router.swift */; };
		A84D115D2B45ADF500C62AAF /* HomeCoordinator.swift in Sources */ = {isa = PBXBuildFile; fileRef = A84D115C2B45ADF500C62AAF /* HomeCoordinator.swift */; };
		A84D115F2B45B2E000C62AAF /* AppDelegateRouter.swift in Sources */ = {isa = PBXBuildFile; fileRef = A84D115E2B45B2E000C62AAF /* AppDelegateRouter.swift */; };
		A84D11612B46145B00C62AAF /* NavigationRouter.swift in Sources */ = {isa = PBXBuildFile; fileRef = A84D11602B46145B00C62AAF /* NavigationRouter.swift */; };
		A84D11632B46188100C62AAF /* ToDosCoordinator.swift in Sources */ = {isa = PBXBuildFile; fileRef = A84D11622B46188100C62AAF /* ToDosCoordinator.swift */; };
		A8600F732B49FBFA00CAE2A1 /* SortPickerField.swift in Sources */ = {isa = PBXBuildFile; fileRef = A8600F722B49FBFA00CAE2A1 /* SortPickerField.swift */; };
		A86125D12B5F327600A00159 /* ToDosViewModel.swift in Sources */ = {isa = PBXBuildFile; fileRef = A86125D02B5F327600A00159 /* ToDosViewModel.swift */; };
		A86125D52B5F576100A00159 /* ToDosFetch.swift in Sources */ = {isa = PBXBuildFile; fileRef = A86125D42B5F576100A00159 /* ToDosFetch.swift */; };
		A86125D82B5F729800A00159 /* ListsViewModel.swift in Sources */ = {isa = PBXBuildFile; fileRef = A86125D72B5F729800A00159 /* ListsViewModel.swift */; };
		A86125DA2B5F91C300A00159 /* ListsFetch.swift in Sources */ = {isa = PBXBuildFile; fileRef = A86125D92B5F91C300A00159 /* ListsFetch.swift */; };
		A8614F442B27CD1F00DCC068 /* SnapKit in Frameworks */ = {isa = PBXBuildFile; productRef = A8614F432B27CD1F00DCC068 /* SnapKit */; };
		A8614F762B27CDA400DCC068 /* DoIt.xcdatamodeld in Sources */ = {isa = PBXBuildFile; fileRef = A8614F482B27CDA300DCC068 /* DoIt.xcdatamodeld */; };
		A8614F772B27CDA400DCC068 /* Assets.xcassets in Resources */ = {isa = PBXBuildFile; fileRef = A8614F4A2B27CDA300DCC068 /* Assets.xcassets */; };
		A8614F7C2B27CDA400DCC068 /* CompletedToDoItemCell.swift in Sources */ = {isa = PBXBuildFile; fileRef = A8614F512B27CDA300DCC068 /* CompletedToDoItemCell.swift */; };
		A8614F7D2B27CDA400DCC068 /* ListCell.swift in Sources */ = {isa = PBXBuildFile; fileRef = A8614F522B27CDA300DCC068 /* ListCell.swift */; };
		A8614F7E2B27CDA400DCC068 /* ToDoItemCell.swift in Sources */ = {isa = PBXBuildFile; fileRef = A8614F532B27CDA300DCC068 /* ToDoItemCell.swift */; };
		A8614F822B27CDA400DCC068 /* ToDoItemList+CoreDataProperties.swift in Sources */ = {isa = PBXBuildFile; fileRef = A8614F592B27CDA300DCC068 /* ToDoItemList+CoreDataProperties.swift */; };
		A8614F832B27CDA400DCC068 /* ToDoItem+CoreDataClass.swift in Sources */ = {isa = PBXBuildFile; fileRef = A8614F5A2B27CDA300DCC068 /* ToDoItem+CoreDataClass.swift */; };
		A8614F842B27CDA400DCC068 /* PersistenceController.swift in Sources */ = {isa = PBXBuildFile; fileRef = A8614F5B2B27CDA300DCC068 /* PersistenceController.swift */; };
		A8614F852B27CDA400DCC068 /* ToDoItemList+CoreDataClass.swift in Sources */ = {isa = PBXBuildFile; fileRef = A8614F5C2B27CDA300DCC068 /* ToDoItemList+CoreDataClass.swift */; };
		A8614F862B27CDA400DCC068 /* ToDoItem+CoreDataProperties.swift in Sources */ = {isa = PBXBuildFile; fileRef = A8614F5D2B27CDA300DCC068 /* ToDoItem+CoreDataProperties.swift */; };
		A8614F882B27CDA400DCC068 /* AppDelegate.swift in Sources */ = {isa = PBXBuildFile; fileRef = A8614F5F2B27CDA300DCC068 /* AppDelegate.swift */; };
		A8614F912B27CDA400DCC068 /* ToDosViewController.swift in Sources */ = {isa = PBXBuildFile; fileRef = A8614F692B27CDA300DCC068 /* ToDosViewController.swift */; };
		A8614F932B27CDA400DCC068 /* NewToDoViewController.swift in Sources */ = {isa = PBXBuildFile; fileRef = A8614F6B2B27CDA300DCC068 /* NewToDoViewController.swift */; };
		A8614F942B27CDA400DCC068 /* NewListViewController.swift in Sources */ = {isa = PBXBuildFile; fileRef = A8614F6C2B27CDA300DCC068 /* NewListViewController.swift */; };
		A8614F952B27CDA400DCC068 /* ListsViewController.swift in Sources */ = {isa = PBXBuildFile; fileRef = A8614F6D2B27CDA300DCC068 /* ListsViewController.swift */; };
		A8614F972B27CDA400DCC068 /* ToDosViewDataSource.swift in Sources */ = {isa = PBXBuildFile; fileRef = A8614F702B27CDA400DCC068 /* ToDosViewDataSource.swift */; };
		A8614F982B27CDA400DCC068 /* LaunchScreen.storyboard in Resources */ = {isa = PBXBuildFile; fileRef = A8614F712B27CDA400DCC068 /* LaunchScreen.storyboard */; };
		A86B82B42B48A72900E24353 /* TitleLabel.swift in Sources */ = {isa = PBXBuildFile; fileRef = A86B82B32B48A72900E24353 /* TitleLabel.swift */; };
		A86B82B62B48A78F00E24353 /* TitleStackView.swift in Sources */ = {isa = PBXBuildFile; fileRef = A86B82B52B48A78F00E24353 /* TitleStackView.swift */; };
		A86B82B82B48AAF400E24353 /* TitleField.swift in Sources */ = {isa = PBXBuildFile; fileRef = A86B82B72B48AAF400E24353 /* TitleField.swift */; };
		A86B82BA2B48B2B600E24353 /* NotificationLabel.swift in Sources */ = {isa = PBXBuildFile; fileRef = A86B82B92B48B2B600E24353 /* NotificationLabel.swift */; };
		A87097AA2B47433500297205 /* NewObjectRouter.swift in Sources */ = {isa = PBXBuildFile; fileRef = A87097A92B47433500297205 /* NewObjectRouter.swift */; };
		A87097AC2B474ECF00297205 /* NewListCoordinator.swift in Sources */ = {isa = PBXBuildFile; fileRef = A87097AB2B474ECF00297205 /* NewListCoordinator.swift */; };
		A87097AE2B4764C700297205 /* NewToDoCoordinator.swift in Sources */ = {isa = PBXBuildFile; fileRef = A87097AD2B4764C700297205 /* NewToDoCoordinator.swift */; };
		A876E1E82B48B71C00C790B6 /* PriorityControl.swift in Sources */ = {isa = PBXBuildFile; fileRef = A876E1E72B48B71C00C790B6 /* PriorityControl.swift */; };
		A8A1C90E2B2CF90400E08322 /* PersistedDiffableDataSource.swift in Sources */ = {isa = PBXBuildFile; fileRef = A8A1C90D2B2CF90400E08322 /* PersistedDiffableDataSource.swift */; };
		A8A1C9142B2D3EE500E08322 /* SortPreferences.swift in Sources */ = {isa = PBXBuildFile; fileRef = A8A1C9132B2D3EE500E08322 /* SortPreferences.swift */; };
		A8B9CE812B3E42C5007D903C /* PriorityLineView.swift in Sources */ = {isa = PBXBuildFile; fileRef = A8B9CE802B3E42C5007D903C /* PriorityLineView.swift */; };
		A8F338E52B2BA1E000B18EB9 /* ListsViewDataSource.swift in Sources */ = {isa = PBXBuildFile; fileRef = A8F338E42B2BA1E000B18EB9 /* ListsViewDataSource.swift */; };
/* End PBXBuildFile section */

/* Begin PBXFileReference section */
		A84B0CB92B4474AE00D92BAD /* InstructionsLabel.swift */ = {isa = PBXFileReference; lastKnownFileType = sourcecode.swift; path = InstructionsLabel.swift; sourceTree = "<group>"; };
		A84D11582B45ACDC00C62AAF /* Coordinator.swift */ = {isa = PBXFileReference; lastKnownFileType = sourcecode.swift; path = Coordinator.swift; sourceTree = "<group>"; };
		A84D115A2B45ACEC00C62AAF /* Router.swift */ = {isa = PBXFileReference; lastKnownFileType = sourcecode.swift; path = Router.swift; sourceTree = "<group>"; };
		A84D115C2B45ADF500C62AAF /* HomeCoordinator.swift */ = {isa = PBXFileReference; lastKnownFileType = sourcecode.swift; path = HomeCoordinator.swift; sourceTree = "<group>"; };
		A84D115E2B45B2E000C62AAF /* AppDelegateRouter.swift */ = {isa = PBXFileReference; lastKnownFileType = sourcecode.swift; path = AppDelegateRouter.swift; sourceTree = "<group>"; };
		A84D11602B46145B00C62AAF /* NavigationRouter.swift */ = {isa = PBXFileReference; lastKnownFileType = sourcecode.swift; path = NavigationRouter.swift; sourceTree = "<group>"; };
		A84D11622B46188100C62AAF /* ToDosCoordinator.swift */ = {isa = PBXFileReference; lastKnownFileType = sourcecode.swift; path = ToDosCoordinator.swift; sourceTree = "<group>"; };
		A8600F722B49FBFA00CAE2A1 /* SortPickerField.swift */ = {isa = PBXFileReference; lastKnownFileType = sourcecode.swift; path = SortPickerField.swift; sourceTree = "<group>"; };
		A86125D02B5F327600A00159 /* ToDosViewModel.swift */ = {isa = PBXFileReference; lastKnownFileType = sourcecode.swift; path = ToDosViewModel.swift; sourceTree = "<group>"; };
		A86125D42B5F576100A00159 /* ToDosFetch.swift */ = {isa = PBXFileReference; lastKnownFileType = sourcecode.swift; path = ToDosFetch.swift; sourceTree = "<group>"; };
		A86125D72B5F729800A00159 /* ListsViewModel.swift */ = {isa = PBXFileReference; lastKnownFileType = sourcecode.swift; path = ListsViewModel.swift; sourceTree = "<group>"; };
		A86125D92B5F91C300A00159 /* ListsFetch.swift */ = {isa = PBXFileReference; lastKnownFileType = sourcecode.swift; path = ListsFetch.swift; sourceTree = "<group>"; };
		A8614F2B2B27CCF700DCC068 /* DoIt2.app */ = {isa = PBXFileReference; explicitFileType = wrapper.application; includeInIndex = 0; path = DoIt2.app; sourceTree = BUILT_PRODUCTS_DIR; };
		A8614F492B27CDA300DCC068 /* DoIt.xcdatamodel */ = {isa = PBXFileReference; lastKnownFileType = wrapper.xcdatamodel; path = DoIt.xcdatamodel; sourceTree = "<group>"; };
		A8614F4A2B27CDA300DCC068 /* Assets.xcassets */ = {isa = PBXFileReference; lastKnownFileType = folder.assetcatalog; path = Assets.xcassets; sourceTree = "<group>"; };
		A8614F4B2B27CDA300DCC068 /* Info.plist */ = {isa = PBXFileReference; fileEncoding = 4; lastKnownFileType = text.plist.xml; path = Info.plist; sourceTree = "<group>"; };
		A8614F512B27CDA300DCC068 /* CompletedToDoItemCell.swift */ = {isa = PBXFileReference; fileEncoding = 4; lastKnownFileType = sourcecode.swift; path = CompletedToDoItemCell.swift; sourceTree = "<group>"; };
		A8614F522B27CDA300DCC068 /* ListCell.swift */ = {isa = PBXFileReference; fileEncoding = 4; lastKnownFileType = sourcecode.swift; path = ListCell.swift; sourceTree = "<group>"; };
		A8614F532B27CDA300DCC068 /* ToDoItemCell.swift */ = {isa = PBXFileReference; fileEncoding = 4; lastKnownFileType = sourcecode.swift; path = ToDoItemCell.swift; sourceTree = "<group>"; };
		A8614F592B27CDA300DCC068 /* ToDoItemList+CoreDataProperties.swift */ = {isa = PBXFileReference; fileEncoding = 4; lastKnownFileType = sourcecode.swift; path = "ToDoItemList+CoreDataProperties.swift"; sourceTree = "<group>"; };
		A8614F5A2B27CDA300DCC068 /* ToDoItem+CoreDataClass.swift */ = {isa = PBXFileReference; fileEncoding = 4; lastKnownFileType = sourcecode.swift; path = "ToDoItem+CoreDataClass.swift"; sourceTree = "<group>"; };
		A8614F5B2B27CDA300DCC068 /* PersistenceController.swift */ = {isa = PBXFileReference; fileEncoding = 4; lastKnownFileType = sourcecode.swift; path = PersistenceController.swift; sourceTree = "<group>"; };
		A8614F5C2B27CDA300DCC068 /* ToDoItemList+CoreDataClass.swift */ = {isa = PBXFileReference; fileEncoding = 4; lastKnownFileType = sourcecode.swift; path = "ToDoItemList+CoreDataClass.swift"; sourceTree = "<group>"; };
		A8614F5D2B27CDA300DCC068 /* ToDoItem+CoreDataProperties.swift */ = {isa = PBXFileReference; fileEncoding = 4; lastKnownFileType = sourcecode.swift; path = "ToDoItem+CoreDataProperties.swift"; sourceTree = "<group>"; };
		A8614F5F2B27CDA300DCC068 /* AppDelegate.swift */ = {isa = PBXFileReference; fileEncoding = 4; lastKnownFileType = sourcecode.swift; path = AppDelegate.swift; sourceTree = "<group>"; };
		A8614F692B27CDA300DCC068 /* ToDosViewController.swift */ = {isa = PBXFileReference; fileEncoding = 4; lastKnownFileType = sourcecode.swift; path = ToDosViewController.swift; sourceTree = "<group>"; };
		A8614F6B2B27CDA300DCC068 /* NewToDoViewController.swift */ = {isa = PBXFileReference; fileEncoding = 4; lastKnownFileType = sourcecode.swift; path = NewToDoViewController.swift; sourceTree = "<group>"; };
		A8614F6C2B27CDA300DCC068 /* NewListViewController.swift */ = {isa = PBXFileReference; fileEncoding = 4; lastKnownFileType = sourcecode.swift; path = NewListViewController.swift; sourceTree = "<group>"; };
		A8614F6D2B27CDA300DCC068 /* ListsViewController.swift */ = {isa = PBXFileReference; fileEncoding = 4; lastKnownFileType = sourcecode.swift; path = ListsViewController.swift; sourceTree = "<group>"; };
		A8614F702B27CDA400DCC068 /* ToDosViewDataSource.swift */ = {isa = PBXFileReference; fileEncoding = 4; lastKnownFileType = sourcecode.swift; path = ToDosViewDataSource.swift; sourceTree = "<group>"; };
		A8614F712B27CDA400DCC068 /* LaunchScreen.storyboard */ = {isa = PBXFileReference; fileEncoding = 4; lastKnownFileType = file.storyboard; path = LaunchScreen.storyboard; sourceTree = "<group>"; };
		A8614F9E2B27D6A600DCC068 /* DoIt2-Bridging-Header.h */ = {isa = PBXFileReference; lastKnownFileType = sourcecode.c.h; path = "DoIt2-Bridging-Header.h"; sourceTree = "<group>"; };
		A86B82B32B48A72900E24353 /* TitleLabel.swift */ = {isa = PBXFileReference; lastKnownFileType = sourcecode.swift; path = TitleLabel.swift; sourceTree = "<group>"; };
		A86B82B52B48A78F00E24353 /* TitleStackView.swift */ = {isa = PBXFileReference; lastKnownFileType = sourcecode.swift; path = TitleStackView.swift; sourceTree = "<group>"; };
		A86B82B72B48AAF400E24353 /* TitleField.swift */ = {isa = PBXFileReference; lastKnownFileType = sourcecode.swift; path = TitleField.swift; sourceTree = "<group>"; };
		A86B82B92B48B2B600E24353 /* NotificationLabel.swift */ = {isa = PBXFileReference; lastKnownFileType = sourcecode.swift; path = NotificationLabel.swift; sourceTree = "<group>"; };
		A87097A92B47433500297205 /* NewObjectRouter.swift */ = {isa = PBXFileReference; lastKnownFileType = sourcecode.swift; path = NewObjectRouter.swift; sourceTree = "<group>"; };
		A87097AB2B474ECF00297205 /* NewListCoordinator.swift */ = {isa = PBXFileReference; lastKnownFileType = sourcecode.swift; path = NewListCoordinator.swift; sourceTree = "<group>"; };
		A87097AD2B4764C700297205 /* NewToDoCoordinator.swift */ = {isa = PBXFileReference; lastKnownFileType = sourcecode.swift; path = NewToDoCoordinator.swift; sourceTree = "<group>"; };
		A876E1E72B48B71C00C790B6 /* PriorityControl.swift */ = {isa = PBXFileReference; lastKnownFileType = sourcecode.swift; path = PriorityControl.swift; sourceTree = "<group>"; };
		A8A1C90D2B2CF90400E08322 /* PersistedDiffableDataSource.swift */ = {isa = PBXFileReference; lastKnownFileType = sourcecode.swift; path = PersistedDiffableDataSource.swift; sourceTree = "<group>"; };
		A8A1C9132B2D3EE500E08322 /* SortPreferences.swift */ = {isa = PBXFileReference; lastKnownFileType = sourcecode.swift; path = SortPreferences.swift; sourceTree = "<group>"; };
		A8B9CE802B3E42C5007D903C /* PriorityLineView.swift */ = {isa = PBXFileReference; lastKnownFileType = sourcecode.swift; path = PriorityLineView.swift; sourceTree = "<group>"; };
		A8F338E42B2BA1E000B18EB9 /* ListsViewDataSource.swift */ = {isa = PBXFileReference; lastKnownFileType = sourcecode.swift; path = ListsViewDataSource.swift; sourceTree = "<group>"; };
/* End PBXFileReference section */

/* Begin PBXFrameworksBuildPhase section */
		A8614F282B27CCF700DCC068 /* Frameworks */ = {
			isa = PBXFrameworksBuildPhase;
			buildActionMask = 2147483647;
			files = (
				A8614F442B27CD1F00DCC068 /* SnapKit in Frameworks */,
			);
			runOnlyForDeploymentPostprocessing = 0;
		};
/* End PBXFrameworksBuildPhase section */

/* Begin PBXGroup section */
		A84D11552B45AC9200C62AAF /* Flows */ = {
			isa = PBXGroup;
			children = (
				A84D11562B45ACA100C62AAF /* Coordinators */,
				A84D11572B45ACAE00C62AAF /* Routers */,
			);
			path = Flows;
			sourceTree = "<group>";
		};
		A84D11562B45ACA100C62AAF /* Coordinators */ = {
			isa = PBXGroup;
			children = (
				A84D11582B45ACDC00C62AAF /* Coordinator.swift */,
				A84D115C2B45ADF500C62AAF /* HomeCoordinator.swift */,
				A84D11622B46188100C62AAF /* ToDosCoordinator.swift */,
				A87097AB2B474ECF00297205 /* NewListCoordinator.swift */,
				A87097AD2B4764C700297205 /* NewToDoCoordinator.swift */,
			);
			path = Coordinators;
			sourceTree = "<group>";
		};
		A84D11572B45ACAE00C62AAF /* Routers */ = {
			isa = PBXGroup;
			children = (
				A84D115A2B45ACEC00C62AAF /* Router.swift */,
				A84D115E2B45B2E000C62AAF /* AppDelegateRouter.swift */,
				A84D11602B46145B00C62AAF /* NavigationRouter.swift */,
				A87097A92B47433500297205 /* NewObjectRouter.swift */,
			);
			path = Routers;
			sourceTree = "<group>";
		};
		A8600F712B49FBDD00CAE2A1 /* ListsViewController */ = {
			isa = PBXGroup;
			children = (
				A8600F722B49FBFA00CAE2A1 /* SortPickerField.swift */,
			);
			path = ListsViewController;
			sourceTree = "<group>";
		};
		A86125D22B5F564200A00159 /* UI Components */ = {
			isa = PBXGroup;
			children = (
				A8600F712B49FBDD00CAE2A1 /* ListsViewController */,
				A86B82B22B48A6E600E24353 /* NewListViewController */,
				A86B82BB2B48B58800E24353 /* NewToDoViewController */,
			);
			path = "UI Components";
			sourceTree = "<group>";
		};
		A86125D32B5F56DE00A00159 /* DataSources */ = {
			isa = PBXGroup;
			children = (
				A8614F702B27CDA400DCC068 /* ToDosViewDataSource.swift */,
				A86125D42B5F576100A00159 /* ToDosFetch.swift */,
				A8F338E42B2BA1E000B18EB9 /* ListsViewDataSource.swift */,
				A8A1C90D2B2CF90400E08322 /* PersistedDiffableDataSource.swift */,
				A86125D92B5F91C300A00159 /* ListsFetch.swift */,
			);
			path = DataSources;
			sourceTree = "<group>";
		};
		A86125D62B5F594800A00159 /* Model */ = {
			isa = PBXGroup;
			children = (
				A8614F582B27CDA300DCC068 /* Persistence */,
			);
			path = Model;
			sourceTree = "<group>";
		};
		A8614F222B27CCF700DCC068 = {
			isa = PBXGroup;
			children = (
				A8614F2D2B27CCF700DCC068 /* DoIt2 */,
				A8614F2C2B27CCF700DCC068 /* Products */,
			);
			sourceTree = "<group>";
		};
		A8614F2C2B27CCF700DCC068 /* Products */ = {
			isa = PBXGroup;
			children = (
				A8614F2B2B27CCF700DCC068 /* DoIt2.app */,
			);
			name = Products;
			sourceTree = "<group>";
		};
		A8614F2D2B27CCF700DCC068 /* DoIt2 */ = {
			isa = PBXGroup;
			children = (
				A84D11552B45AC9200C62AAF /* Flows */,
				A8614F6F2B27CDA400DCC068 /* View Models */,
				A8614F682B27CDA300DCC068 /* View Controllers */,
				A86125D62B5F594800A00159 /* Model */,
				A8614F5F2B27CDA300DCC068 /* AppDelegate.swift */,
				A8614F4A2B27CDA300DCC068 /* Assets.xcassets */,
				A8614F712B27CDA400DCC068 /* LaunchScreen.storyboard */,
				A8614F9E2B27D6A600DCC068 /* DoIt2-Bridging-Header.h */,
				A8614F4B2B27CDA300DCC068 /* Info.plist */,
			);
			path = DoIt2;
			sourceTree = "<group>";
		};
		A8614F502B27CDA300DCC068 /* Cells */ = {
			isa = PBXGroup;
			children = (
				A8614F512B27CDA300DCC068 /* CompletedToDoItemCell.swift */,
				A8614F522B27CDA300DCC068 /* ListCell.swift */,
				A8614F532B27CDA300DCC068 /* ToDoItemCell.swift */,
			);
			path = Cells;
			sourceTree = "<group>";
		};
		A8614F582B27CDA300DCC068 /* Persistence */ = {
			isa = PBXGroup;
			children = (
				A8614F482B27CDA300DCC068 /* DoIt.xcdatamodeld */,
				A8614F5B2B27CDA300DCC068 /* PersistenceController.swift */,
				A8614F5C2B27CDA300DCC068 /* ToDoItemList+CoreDataClass.swift */,
				A8614F592B27CDA300DCC068 /* ToDoItemList+CoreDataProperties.swift */,
				A8614F5A2B27CDA300DCC068 /* ToDoItem+CoreDataClass.swift */,
				A8614F5D2B27CDA300DCC068 /* ToDoItem+CoreDataProperties.swift */,
				A8A1C9132B2D3EE500E08322 /* SortPreferences.swift */,
			);
			path = Persistence;
			sourceTree = "<group>";
		};
		A8614F682B27CDA300DCC068 /* View Controllers */ = {
			isa = PBXGroup;
			children = (
				A8614F6D2B27CDA300DCC068 /* ListsViewController.swift */,
				A8614F6C2B27CDA300DCC068 /* NewListViewController.swift */,
				A8614F692B27CDA300DCC068 /* ToDosViewController.swift */,
				A8614F6B2B27CDA300DCC068 /* NewToDoViewController.swift */,
			);
			path = "View Controllers";
			sourceTree = "<group>";
		};
		A8614F6F2B27CDA400DCC068 /* View Models */ = {
			isa = PBXGroup;
			children = (
				A86125D02B5F327600A00159 /* ToDosViewModel.swift */,
				A86125D72B5F729800A00159 /* ListsViewModel.swift */,
				A86125D32B5F56DE00A00159 /* DataSources */,
				A8614F502B27CDA300DCC068 /* Cells */,
				A86125D22B5F564200A00159 /* UI Components */,
			);
			path = "View Models";
			sourceTree = "<group>";
		};
		A86B82B22B48A6E600E24353 /* NewListViewController */ = {
			isa = PBXGroup;
			children = (
				A84B0CB92B4474AE00D92BAD /* InstructionsLabel.swift */,
				A86B82B32B48A72900E24353 /* TitleLabel.swift */,
				A86B82B72B48AAF400E24353 /* TitleField.swift */,
				A86B82B52B48A78F00E24353 /* TitleStackView.swift */,
			);
			path = NewListViewController;
			sourceTree = "<group>";
		};
		A86B82BB2B48B58800E24353 /* NewToDoViewController */ = {
			isa = PBXGroup;
			children = (
				A86B82B92B48B2B600E24353 /* NotificationLabel.swift */,
				A876E1E72B48B71C00C790B6 /* PriorityControl.swift */,
				A8B9CE802B3E42C5007D903C /* PriorityLineView.swift */,
			);
			path = NewToDoViewController;
			sourceTree = "<group>";
		};
/* End PBXGroup section */

/* Begin PBXNativeTarget section */
		A8614F2A2B27CCF700DCC068 /* DoIt2 */ = {
			isa = PBXNativeTarget;
			buildConfigurationList = A8614F3F2B27CCF800DCC068 /* Build configuration list for PBXNativeTarget "DoIt2" */;
			buildPhases = (
				A8614F272B27CCF700DCC068 /* Sources */,
				A8614F282B27CCF700DCC068 /* Frameworks */,
				A8614F292B27CCF700DCC068 /* Resources */,
			);
			buildRules = (
			);
			dependencies = (
			);
			name = DoIt2;
			packageProductDependencies = (
				A8614F432B27CD1F00DCC068 /* SnapKit */,
			);
			productName = DoIt2;
			productReference = A8614F2B2B27CCF700DCC068 /* DoIt2.app */;
			productType = "com.apple.product-type.application";
		};
/* End PBXNativeTarget section */

/* Begin PBXProject section */
		A8614F232B27CCF700DCC068 /* Project object */ = {
			isa = PBXProject;
			attributes = {
				BuildIndependentTargetsInParallel = 1;
				LastSwiftUpdateCheck = 1500;
				LastUpgradeCheck = 1500;
				TargetAttributes = {
					A8614F2A2B27CCF700DCC068 = {
						CreatedOnToolsVersion = 15.0;
						LastSwiftMigration = 1500;
					};
				};
			};
			buildConfigurationList = A8614F262B27CCF700DCC068 /* Build configuration list for PBXProject "DoIt2" */;
			compatibilityVersion = "Xcode 14.0";
			developmentRegion = en;
			hasScannedForEncodings = 0;
			knownRegions = (
				en,
				Base,
			);
			mainGroup = A8614F222B27CCF700DCC068;
			packageReferences = (
				A8614F422B27CD1F00DCC068 /* XCRemoteSwiftPackageReference "SnapKit" */,
			);
			productRefGroup = A8614F2C2B27CCF700DCC068 /* Products */;
			projectDirPath = "";
			projectRoot = "";
			targets = (
				A8614F2A2B27CCF700DCC068 /* DoIt2 */,
			);
		};
/* End PBXProject section */

/* Begin PBXResourcesBuildPhase section */
		A8614F292B27CCF700DCC068 /* Resources */ = {
			isa = PBXResourcesBuildPhase;
			buildActionMask = 2147483647;
			files = (
				A8614F982B27CDA400DCC068 /* LaunchScreen.storyboard in Resources */,
				A8614F772B27CDA400DCC068 /* Assets.xcassets in Resources */,
			);
			runOnlyForDeploymentPostprocessing = 0;
		};
/* End PBXResourcesBuildPhase section */

/* Begin PBXSourcesBuildPhase section */
		A8614F272B27CCF700DCC068 /* Sources */ = {
			isa = PBXSourcesBuildPhase;
			buildActionMask = 2147483647;
			files = (
				A8614F852B27CDA400DCC068 /* ToDoItemList+CoreDataClass.swift in Sources */,
				A8614F952B27CDA400DCC068 /* ListsViewController.swift in Sources */,
				A86B82B62B48A78F00E24353 /* TitleStackView.swift in Sources */,
				A86B82BA2B48B2B600E24353 /* NotificationLabel.swift in Sources */,
				A8614F932B27CDA400DCC068 /* NewToDoViewController.swift in Sources */,
				A86125DA2B5F91C300A00159 /* ListsFetch.swift in Sources */,
				A86B82B82B48AAF400E24353 /* TitleField.swift in Sources */,
				A87097AE2B4764C700297205 /* NewToDoCoordinator.swift in Sources */,
				A8614F7E2B27CDA400DCC068 /* ToDoItemCell.swift in Sources */,
				A8614F882B27CDA400DCC068 /* AppDelegate.swift in Sources */,
				A8614F862B27CDA400DCC068 /* ToDoItem+CoreDataProperties.swift in Sources */,
				A8614F762B27CDA400DCC068 /* DoIt.xcdatamodeld in Sources */,
				A84D115D2B45ADF500C62AAF /* HomeCoordinator.swift in Sources */,
				A87097AA2B47433500297205 /* NewObjectRouter.swift in Sources */,
				A86B82B42B48A72900E24353 /* TitleLabel.swift in Sources */,
				A8614F7C2B27CDA400DCC068 /* CompletedToDoItemCell.swift in Sources */,
				A8A1C9142B2D3EE500E08322 /* SortPreferences.swift in Sources */,
				A84D11612B46145B00C62AAF /* NavigationRouter.swift in Sources */,
				A87097AC2B474ECF00297205 /* NewListCoordinator.swift in Sources */,
				A8614F912B27CDA400DCC068 /* ToDosViewController.swift in Sources */,
				A86125D52B5F576100A00159 /* ToDosFetch.swift in Sources */,
				A8600F732B49FBFA00CAE2A1 /* SortPickerField.swift in Sources */,
				A8F338E52B2BA1E000B18EB9 /* ListsViewDataSource.swift in Sources */,
				A8614F832B27CDA400DCC068 /* ToDoItem+CoreDataClass.swift in Sources */,
				A8614F972B27CDA400DCC068 /* ToDosViewDataSource.swift in Sources */,
				A84B0CBA2B4474AE00D92BAD /* InstructionsLabel.swift in Sources */,
				A86125D12B5F327600A00159 /* ToDosViewModel.swift in Sources */,
				A8A1C90E2B2CF90400E08322 /* PersistedDiffableDataSource.swift in Sources */,
				A84D115B2B45ACEC00C62AAF /* Router.swift in Sources */,
				A8B9CE812B3E42C5007D903C /* PriorityLineView.swift in Sources */,
				A84D115F2B45B2E000C62AAF /* AppDelegateRouter.swift in Sources */,
				A84D11592B45ACDC00C62AAF /* Coordinator.swift in Sources */,
				A8614F842B27CDA400DCC068 /* PersistenceController.swift in Sources */,
				A8614F7D2B27CDA400DCC068 /* ListCell.swift in Sources */,
				A8614F822B27CDA400DCC068 /* ToDoItemList+CoreDataProperties.swift in Sources */,
				A876E1E82B48B71C00C790B6 /* PriorityControl.swift in Sources */,
				A8614F942B27CDA400DCC068 /* NewListViewController.swift in Sources */,
				A86125D82B5F729800A00159 /* ListsViewModel.swift in Sources */,
				A84D11632B46188100C62AAF /* ToDosCoordinator.swift in Sources */,
			);
			runOnlyForDeploymentPostprocessing = 0;
		};
/* End PBXSourcesBuildPhase section */

/* Begin XCBuildConfiguration section */
		A8614F3D2B27CCF800DCC068 /* Debug */ = {
			isa = XCBuildConfiguration;
			buildSettings = {
				ALWAYS_SEARCH_USER_PATHS = NO;
				ASSETCATALOG_COMPILER_GENERATE_SWIFT_ASSET_SYMBOL_EXTENSIONS = YES;
				CLANG_ANALYZER_NONNULL = YES;
				CLANG_ANALYZER_NUMBER_OBJECT_CONVERSION = YES_AGGRESSIVE;
				CLANG_CXX_LANGUAGE_STANDARD = "gnu++20";
				CLANG_ENABLE_MODULES = YES;
				CLANG_ENABLE_OBJC_ARC = YES;
				CLANG_ENABLE_OBJC_WEAK = YES;
				CLANG_WARN_BLOCK_CAPTURE_AUTORELEASING = YES;
				CLANG_WARN_BOOL_CONVERSION = YES;
				CLANG_WARN_COMMA = YES;
				CLANG_WARN_CONSTANT_CONVERSION = YES;
				CLANG_WARN_DEPRECATED_OBJC_IMPLEMENTATIONS = YES;
				CLANG_WARN_DIRECT_OBJC_ISA_USAGE = YES_ERROR;
				CLANG_WARN_DOCUMENTATION_COMMENTS = YES;
				CLANG_WARN_EMPTY_BODY = YES;
				CLANG_WARN_ENUM_CONVERSION = YES;
				CLANG_WARN_INFINITE_RECURSION = YES;
				CLANG_WARN_INT_CONVERSION = YES;
				CLANG_WARN_NON_LITERAL_NULL_CONVERSION = YES;
				CLANG_WARN_OBJC_IMPLICIT_RETAIN_SELF = YES;
				CLANG_WARN_OBJC_LITERAL_CONVERSION = YES;
				CLANG_WARN_OBJC_ROOT_CLASS = YES_ERROR;
				CLANG_WARN_QUOTED_INCLUDE_IN_FRAMEWORK_HEADER = YES;
				CLANG_WARN_RANGE_LOOP_ANALYSIS = YES;
				CLANG_WARN_STRICT_PROTOTYPES = YES;
				CLANG_WARN_SUSPICIOUS_MOVE = YES;
				CLANG_WARN_UNGUARDED_AVAILABILITY = YES_AGGRESSIVE;
				CLANG_WARN_UNREACHABLE_CODE = YES;
				CLANG_WARN__DUPLICATE_METHOD_MATCH = YES;
				COPY_PHASE_STRIP = NO;
				DEBUG_INFORMATION_FORMAT = dwarf;
				ENABLE_STRICT_OBJC_MSGSEND = YES;
				ENABLE_TESTABILITY = YES;
				ENABLE_USER_SCRIPT_SANDBOXING = YES;
				GCC_C_LANGUAGE_STANDARD = gnu17;
				GCC_DYNAMIC_NO_PIC = NO;
				GCC_NO_COMMON_BLOCKS = YES;
				GCC_OPTIMIZATION_LEVEL = 0;
				GCC_PREPROCESSOR_DEFINITIONS = (
					"DEBUG=1",
					"$(inherited)",
				);
				GCC_WARN_64_TO_32_BIT_CONVERSION = YES;
				GCC_WARN_ABOUT_RETURN_TYPE = YES_ERROR;
				GCC_WARN_UNDECLARED_SELECTOR = YES;
				GCC_WARN_UNINITIALIZED_AUTOS = YES_AGGRESSIVE;
				GCC_WARN_UNUSED_FUNCTION = YES;
				GCC_WARN_UNUSED_VARIABLE = YES;
				IPHONEOS_DEPLOYMENT_TARGET = 16.0;
				LOCALIZATION_PREFERS_STRING_CATALOGS = YES;
				MTL_ENABLE_DEBUG_INFO = INCLUDE_SOURCE;
				MTL_FAST_MATH = YES;
				ONLY_ACTIVE_ARCH = YES;
				SDKROOT = iphoneos;
				SWIFT_ACTIVE_COMPILATION_CONDITIONS = "DEBUG $(inherited)";
				SWIFT_OPTIMIZATION_LEVEL = "-Onone";
			};
			name = Debug;
		};
		A8614F3E2B27CCF800DCC068 /* Release */ = {
			isa = XCBuildConfiguration;
			buildSettings = {
				ALWAYS_SEARCH_USER_PATHS = NO;
				ASSETCATALOG_COMPILER_GENERATE_SWIFT_ASSET_SYMBOL_EXTENSIONS = YES;
				CLANG_ANALYZER_NONNULL = YES;
				CLANG_ANALYZER_NUMBER_OBJECT_CONVERSION = YES_AGGRESSIVE;
				CLANG_CXX_LANGUAGE_STANDARD = "gnu++20";
				CLANG_ENABLE_MODULES = YES;
				CLANG_ENABLE_OBJC_ARC = YES;
				CLANG_ENABLE_OBJC_WEAK = YES;
				CLANG_WARN_BLOCK_CAPTURE_AUTORELEASING = YES;
				CLANG_WARN_BOOL_CONVERSION = YES;
				CLANG_WARN_COMMA = YES;
				CLANG_WARN_CONSTANT_CONVERSION = YES;
				CLANG_WARN_DEPRECATED_OBJC_IMPLEMENTATIONS = YES;
				CLANG_WARN_DIRECT_OBJC_ISA_USAGE = YES_ERROR;
				CLANG_WARN_DOCUMENTATION_COMMENTS = YES;
				CLANG_WARN_EMPTY_BODY = YES;
				CLANG_WARN_ENUM_CONVERSION = YES;
				CLANG_WARN_INFINITE_RECURSION = YES;
				CLANG_WARN_INT_CONVERSION = YES;
				CLANG_WARN_NON_LITERAL_NULL_CONVERSION = YES;
				CLANG_WARN_OBJC_IMPLICIT_RETAIN_SELF = YES;
				CLANG_WARN_OBJC_LITERAL_CONVERSION = YES;
				CLANG_WARN_OBJC_ROOT_CLASS = YES_ERROR;
				CLANG_WARN_QUOTED_INCLUDE_IN_FRAMEWORK_HEADER = YES;
				CLANG_WARN_RANGE_LOOP_ANALYSIS = YES;
				CLANG_WARN_STRICT_PROTOTYPES = YES;
				CLANG_WARN_SUSPICIOUS_MOVE = YES;
				CLANG_WARN_UNGUARDED_AVAILABILITY = YES_AGGRESSIVE;
				CLANG_WARN_UNREACHABLE_CODE = YES;
				CLANG_WARN__DUPLICATE_METHOD_MATCH = YES;
				COPY_PHASE_STRIP = NO;
				DEBUG_INFORMATION_FORMAT = "dwarf-with-dsym";
				ENABLE_NS_ASSERTIONS = NO;
				ENABLE_STRICT_OBJC_MSGSEND = YES;
				ENABLE_USER_SCRIPT_SANDBOXING = YES;
				GCC_C_LANGUAGE_STANDARD = gnu17;
				GCC_NO_COMMON_BLOCKS = YES;
				GCC_WARN_64_TO_32_BIT_CONVERSION = YES;
				GCC_WARN_ABOUT_RETURN_TYPE = YES_ERROR;
				GCC_WARN_UNDECLARED_SELECTOR = YES;
				GCC_WARN_UNINITIALIZED_AUTOS = YES_AGGRESSIVE;
				GCC_WARN_UNUSED_FUNCTION = YES;
				GCC_WARN_UNUSED_VARIABLE = YES;
				IPHONEOS_DEPLOYMENT_TARGET = 16.0;
				LOCALIZATION_PREFERS_STRING_CATALOGS = YES;
				MTL_ENABLE_DEBUG_INFO = NO;
				MTL_FAST_MATH = YES;
				SDKROOT = iphoneos;
				SWIFT_COMPILATION_MODE = wholemodule;
				VALIDATE_PRODUCT = YES;
			};
			name = Release;
		};
		A8614F402B27CCF800DCC068 /* Debug */ = {
			isa = XCBuildConfiguration;
			buildSettings = {
				ASSETCATALOG_COMPILER_APPICON_NAME = AppIcon;
				ASSETCATALOG_COMPILER_GLOBAL_ACCENT_COLOR_NAME = AccentColor;
				CLANG_ENABLE_MODULES = YES;
				CODE_SIGN_STYLE = Automatic;
				CURRENT_PROJECT_VERSION = 1;
				DEVELOPMENT_TEAM = YSWM5SJ596;
				GENERATE_INFOPLIST_FILE = YES;
				INFOPLIST_FILE = DoIt2/Info.plist;
				INFOPLIST_KEY_UIApplicationSupportsIndirectInputEvents = YES;
				INFOPLIST_KEY_UILaunchStoryboardName = LaunchScreen;
				INFOPLIST_KEY_UISupportedInterfaceOrientations_iPad = "UIInterfaceOrientationPortrait UIInterfaceOrientationPortraitUpsideDown UIInterfaceOrientationLandscapeLeft UIInterfaceOrientationLandscapeRight";
				INFOPLIST_KEY_UISupportedInterfaceOrientations_iPhone = "UIInterfaceOrientationPortrait UIInterfaceOrientationLandscapeLeft UIInterfaceOrientationLandscapeRight";
				LD_RUNPATH_SEARCH_PATHS = (
					"$(inherited)",
					"@executable_path/Frameworks",
				);
				MARKETING_VERSION = 1.0;
				PRODUCT_BUNDLE_IDENTIFIER = com.nikivanov.DoIt2;
				PRODUCT_NAME = "$(TARGET_NAME)";
				SWIFT_EMIT_LOC_STRINGS = YES;
				SWIFT_OBJC_BRIDGING_HEADER = "DoIt2/DoIt2-Bridging-Header.h";
				SWIFT_OPTIMIZATION_LEVEL = "-Onone";
				SWIFT_VERSION = 5.0;
				TARGETED_DEVICE_FAMILY = "1,2";
			};
			name = Debug;
		};
		A8614F412B27CCF800DCC068 /* Release */ = {
			isa = XCBuildConfiguration;
			buildSettings = {
				ASSETCATALOG_COMPILER_APPICON_NAME = AppIcon;
				ASSETCATALOG_COMPILER_GLOBAL_ACCENT_COLOR_NAME = AccentColor;
				CLANG_ENABLE_MODULES = YES;
				CODE_SIGN_STYLE = Automatic;
				CURRENT_PROJECT_VERSION = 1;
				DEVELOPMENT_TEAM = YSWM5SJ596;
				GENERATE_INFOPLIST_FILE = YES;
				INFOPLIST_FILE = DoIt2/Info.plist;
				INFOPLIST_KEY_UIApplicationSupportsIndirectInputEvents = YES;
				INFOPLIST_KEY_UILaunchStoryboardName = LaunchScreen;
				INFOPLIST_KEY_UISupportedInterfaceOrientations_iPad = "UIInterfaceOrientationPortrait UIInterfaceOrientationPortraitUpsideDown UIInterfaceOrientationLandscapeLeft UIInterfaceOrientationLandscapeRight";
				INFOPLIST_KEY_UISupportedInterfaceOrientations_iPhone = "UIInterfaceOrientationPortrait UIInterfaceOrientationLandscapeLeft UIInterfaceOrientationLandscapeRight";
				LD_RUNPATH_SEARCH_PATHS = (
					"$(inherited)",
					"@executable_path/Frameworks",
				);
				MARKETING_VERSION = 1.0;
				PRODUCT_BUNDLE_IDENTIFIER = com.nikivanov.DoIt2;
				PRODUCT_NAME = "$(TARGET_NAME)";
				SWIFT_EMIT_LOC_STRINGS = YES;
				SWIFT_OBJC_BRIDGING_HEADER = "DoIt2/DoIt2-Bridging-Header.h";
				SWIFT_VERSION = 5.0;
				TARGETED_DEVICE_FAMILY = "1,2";
			};
			name = Release;
		};
/* End XCBuildConfiguration section */

/* Begin XCConfigurationList section */
		A8614F262B27CCF700DCC068 /* Build configuration list for PBXProject "DoIt2" */ = {
			isa = XCConfigurationList;
			buildConfigurations = (
				A8614F3D2B27CCF800DCC068 /* Debug */,
				A8614F3E2B27CCF800DCC068 /* Release */,
			);
			defaultConfigurationIsVisible = 0;
			defaultConfigurationName = Release;
		};
		A8614F3F2B27CCF800DCC068 /* Build configuration list for PBXNativeTarget "DoIt2" */ = {
			isa = XCConfigurationList;
			buildConfigurations = (
				A8614F402B27CCF800DCC068 /* Debug */,
				A8614F412B27CCF800DCC068 /* Release */,
			);
			defaultConfigurationIsVisible = 0;
			defaultConfigurationName = Release;
		};
/* End XCConfigurationList section */

/* Begin XCRemoteSwiftPackageReference section */
		A8614F422B27CD1F00DCC068 /* XCRemoteSwiftPackageReference "SnapKit" */ = {
			isa = XCRemoteSwiftPackageReference;
			repositoryURL = "https://github.com/SnapKit/SnapKit";
			requirement = {
				kind = upToNextMajorVersion;
				minimumVersion = 5.6.0;
			};
		};
/* End XCRemoteSwiftPackageReference section */

/* Begin XCSwiftPackageProductDependency section */
		A8614F432B27CD1F00DCC068 /* SnapKit */ = {
			isa = XCSwiftPackageProductDependency;
			package = A8614F422B27CD1F00DCC068 /* XCRemoteSwiftPackageReference "SnapKit" */;
			productName = SnapKit;
		};
/* End XCSwiftPackageProductDependency section */

/* Begin XCVersionGroup section */
		A8614F482B27CDA300DCC068 /* DoIt.xcdatamodeld */ = {
			isa = XCVersionGroup;
			children = (
				A8614F492B27CDA300DCC068 /* DoIt.xcdatamodel */,
			);
			currentVersion = A8614F492B27CDA300DCC068 /* DoIt.xcdatamodel */;
			path = DoIt.xcdatamodeld;
			sourceTree = "<group>";
			versionGroupType = wrapper.xcdatamodel;
		};
/* End XCVersionGroup section */
	};
	rootObject = A8614F232B27CCF700DCC068 /* Project object */;
}
